
Microsoft Visual Studio Solution File, Format Version 12.00
# Visual Studio Version 17
VisualStudioVersion = 17.8.34601.278
MinimumVisualStudioVersion = 10.0.40219.1
Project("{9A19103F-16F7-4668-BE54-9A1E7A4F7556}") = "Stock.WebApi", "Stock.WebApi\Stock.WebApi.csproj", "{51AD1F52-0048-4E75-9541-303D6408644A}"
EndProject
Project("{2150E333-8FDC-42A3-9474-1A3956D46DE8}") = "Web", "Web", "{48986738-A9EC-4768-88CC-EF68C5C06BB7}"
EndProject
Project("{2150E333-8FDC-42A3-9474-1A3956D46DE8}") = "Data", "Data", "{64177959-7FA9-4EF1-83D7-4BB096A22F20}"
EndProject
Project("{9A19103F-16F7-4668-BE54-9A1E7A4F7556}") = "Stock.Data", "Stock.Data\Stock.Data.csproj", "{2695B1EE-E86A-4407-8E42-FF1AFE239E7F}"
EndProject
Project("{9A19103F-16F7-4668-BE54-9A1E7A4F7556}") = "Stock.Data.Models", "Stock.Data.Models\Stock.Data.Models.csproj", "{0E817361-356A-4B17-A269-3521C13876F7}"
EndProject
Project("{2150E333-8FDC-42A3-9474-1A3956D46DE8}") = "Common", "Common", "{C14760FD-B4DE-4B6A-B40A-9DF423AD2871}"
EndProject
Project("{9A19103F-16F7-4668-BE54-9A1E7A4F7556}") = "Stock.Common", "Stock.Common\Stock.Common.csproj", "{83B50C67-98A8-46F8-A6BA-DB57457DB615}"
EndProject
Project("{9A19103F-16F7-4668-BE54-9A1E7A4F7556}") = "Stock.WebApi.DtoModels", "Stock.WebApi.DtoModels\Stock.WebApi.DtoModels.csproj", "{0AAEF80A-0D13-4270-A441-F829B3CFCD35}"
EndProject
Project("{9A19103F-16F7-4668-BE54-9A1E7A4F7556}") = "Stock.WebApi.Infrastructure", "Stock.WebApi.Infrastructure\Stock.WebApi.Infrastructure.csproj", "{DBD1A3C5-7AE7-416A-94EF-5D3A3F051BB8}"
EndProject
Project("{9A19103F-16F7-4668-BE54-9A1E7A4F7556}") = "Stock.Data.Common", "Stock.Data.Common\Stock.Data.Common.csproj", "{2F23EC35-94A0-47EF-9DE5-6DDA4EC4B967}"
EndProject
Project("{2150E333-8FDC-42A3-9474-1A3956D46DE8}") = "Services", "Services", "{5F70D2F2-D052-4070-B410-D2EDB8B9E6B6}"
EndProject
Project("{FAE04EC0-301F-11D3-BF4B-00C04F79EFBC}") = "Stock.Services", "Stock.Services\Stock.Services.csproj", "{8767A8A7-64C9-4F98-ACA1-FB384AC20AFD}"
EndProject
Global
	GlobalSection(SolutionConfigurationPlatforms) = preSolution
		Debug|Any CPU = Debug|Any CPU
		Release|Any CPU = Release|Any CPU
	EndGlobalSection
	GlobalSection(ProjectConfigurationPlatforms) = postSolution
		{51AD1F52-0048-4E75-9541-303D6408644A}.Debug|Any CPU.ActiveCfg = Debug|Any CPU
		{51AD1F52-0048-4E75-9541-303D6408644A}.Debug|Any CPU.Build.0 = Debug|Any CPU
		{51AD1F52-0048-4E75-9541-303D6408644A}.Release|Any CPU.ActiveCfg = Release|Any CPU
		{51AD1F52-0048-4E75-9541-303D6408644A}.Release|Any CPU.Build.0 = Release|Any CPU
		{2695B1EE-E86A-4407-8E42-FF1AFE239E7F}.Debug|Any CPU.ActiveCfg = Debug|Any CPU
		{2695B1EE-E86A-4407-8E42-FF1AFE239E7F}.Debug|Any CPU.Build.0 = Debug|Any CPU
		{2695B1EE-E86A-4407-8E42-FF1AFE239E7F}.Release|Any CPU.ActiveCfg = Release|Any CPU
		{2695B1EE-E86A-4407-8E42-FF1AFE239E7F}.Release|Any CPU.Build.0 = Release|Any CPU
		{0E817361-356A-4B17-A269-3521C13876F7}.Debug|Any CPU.ActiveCfg = Debug|Any CPU
		{0E817361-356A-4B17-A269-3521C13876F7}.Debug|Any CPU.Build.0 = Debug|Any CPU
		{0E817361-356A-4B17-A269-3521C13876F7}.Release|Any CPU.ActiveCfg = Release|Any CPU
		{0E817361-356A-4B17-A269-3521C13876F7}.Release|Any CPU.Build.0 = Release|Any CPU
		{83B50C67-98A8-46F8-A6BA-DB57457DB615}.Debug|Any CPU.ActiveCfg = Debug|Any CPU
		{83B50C67-98A8-46F8-A6BA-DB57457DB615}.Debug|Any CPU.Build.0 = Debug|Any CPU
		{83B50C67-98A8-46F8-A6BA-DB57457DB615}.Release|Any CPU.ActiveCfg = Release|Any CPU
		{83B50C67-98A8-46F8-A6BA-DB57457DB615}.Release|Any CPU.Build.0 = Release|Any CPU
		{0AAEF80A-0D13-4270-A441-F829B3CFCD35}.Debug|Any CPU.ActiveCfg = Debug|Any CPU
		{0AAEF80A-0D13-4270-A441-F829B3CFCD35}.Debug|Any CPU.Build.0 = Debug|Any CPU
		{0AAEF80A-0D13-4270-A441-F829B3CFCD35}.Release|Any CPU.ActiveCfg = Release|Any CPU
		{0AAEF80A-0D13-4270-A441-F829B3CFCD35}.Release|Any CPU.Build.0 = Release|Any CPU
		{DBD1A3C5-7AE7-416A-94EF-5D3A3F051BB8}.Debug|Any CPU.ActiveCfg = Debug|Any CPU
		{DBD1A3C5-7AE7-416A-94EF-5D3A3F051BB8}.Debug|Any CPU.Build.0 = Debug|Any CPU
		{DBD1A3C5-7AE7-416A-94EF-5D3A3F051BB8}.Release|Any CPU.ActiveCfg = Release|Any CPU
		{DBD1A3C5-7AE7-416A-94EF-5D3A3F051BB8}.Release|Any CPU.Build.0 = Release|Any CPU
		{2F23EC35-94A0-47EF-9DE5-6DDA4EC4B967}.Debug|Any CPU.ActiveCfg = Debug|Any CPU
		{2F23EC35-94A0-47EF-9DE5-6DDA4EC4B967}.Debug|Any CPU.Build.0 = Debug|Any CPU
		{2F23EC35-94A0-47EF-9DE5-6DDA4EC4B967}.Release|Any CPU.ActiveCfg = Release|Any CPU
		{2F23EC35-94A0-47EF-9DE5-6DDA4EC4B967}.Release|Any CPU.Build.0 = Release|Any CPU
		{8767A8A7-64C9-4F98-ACA1-FB384AC20AFD}.Debug|Any CPU.ActiveCfg = Debug|Any CPU
		{8767A8A7-64C9-4F98-ACA1-FB384AC20AFD}.Debug|Any CPU.Build.0 = Debug|Any CPU
		{8767A8A7-64C9-4F98-ACA1-FB384AC20AFD}.Release|Any CPU.ActiveCfg = Release|Any CPU
		{8767A8A7-64C9-4F98-ACA1-FB384AC20AFD}.Release|Any CPU.Build.0 = Release|Any CPU
	EndGlobalSection
	GlobalSection(SolutionProperties) = preSolution
		HideSolutionNode = FALSE
	EndGlobalSection
	GlobalSection(NestedProjects) = preSolution
		{51AD1F52-0048-4E75-9541-303D6408644A} = {48986738-A9EC-4768-88CC-EF68C5C06BB7}
		{2695B1EE-E86A-4407-8E42-FF1AFE239E7F} = {64177959-7FA9-4EF1-83D7-4BB096A22F20}
		{0E817361-356A-4B17-A269-3521C13876F7} = {64177959-7FA9-4EF1-83D7-4BB096A22F20}
		{83B50C67-98A8-46F8-A6BA-DB57457DB615} = {C14760FD-B4DE-4B6A-B40A-9DF423AD2871}
		{0AAEF80A-0D13-4270-A441-F829B3CFCD35} = {48986738-A9EC-4768-88CC-EF68C5C06BB7}
		{DBD1A3C5-7AE7-416A-94EF-5D3A3F051BB8} = {48986738-A9EC-4768-88CC-EF68C5C06BB7}
		{2F23EC35-94A0-47EF-9DE5-6DDA4EC4B967} = {64177959-7FA9-4EF1-83D7-4BB096A22F20}
		{8767A8A7-64C9-4F98-ACA1-FB384AC20AFD} = {5F70D2F2-D052-4070-B410-D2EDB8B9E6B6}
	EndGlobalSection
	GlobalSection(ExtensibilityGlobals) = postSolution
		SolutionGuid = {9F8F1A59-839E-4F88-A0B9-0A9E8393F212}
	EndGlobalSection
EndGlobal
